
Microsoft Visual Studio Solution File, Format Version 12.00
# Visual Studio Version 17
VisualStudioVersion = 17.0.31903.59
MinimumVisualStudioVersion = 10.0.40219.1
Project("{8BC9CEB8-8B4A-11D0-8D11-00A0C91BC942}") = "NeneEngineTest", "Src\NeneEngineTest\NeneEngineTest.vcxproj", "{6070B32E-9B62-42D4-96AF-8519911A2A4F}"
EndProject
Global
	GlobalSection(SolutionConfigurationPlatforms) = preSolution
		Debug|x64 = Debug|x64
		Debug|x86 = Debug|x86
		Release|x64 = Release|x64
		Release|x86 = Release|x86
	EndGlobalSection
	GlobalSection(ProjectConfigurationPlatforms) = postSolution
		{6070B32E-9B62-42D4-96AF-8519911A2A4F}.Debug|x64.ActiveCfg = Debug|x64
		{6070B32E-9B62-42D4-96AF-8519911A2A4F}.Debug|x64.Build.0 = Debug|x64
		{6070B32E-9B62-42D4-96AF-8519911A2A4F}.Debug|x86.ActiveCfg = Debug|Win32
		{6070B32E-9B62-42D4-96AF-8519911A2A4F}.Debug|x86.Build.0 = Debug|Win32
		{6070B32E-9B62-42D4-96AF-8519911A2A4F}.Release|x64.ActiveCfg = Release|x64
		{6070B32E-9B62-42D4-96AF-8519911A2A4F}.Release|x64.Build.0 = Release|x64
		{6070B32E-9B62-42D4-96AF-8519911A2A4F}.Release|x86.ActiveCfg = Release|Win32
		{6070B32E-9B62-42D4-96AF-8519911A2A4F}.Release|x86.Build.0 = Release|Win32
	EndGlobalSection
	GlobalSection(SolutionProperties) = preSolution
		HideSolutionNode = FALSE
	EndGlobalSection
	GlobalSection(ExtensibilityGlobals) = postSolution
		SolutionGuid = {72A394D0-47D2-448B-B49E-53789F7AEDF9}
	EndGlobalSection
EndGlobal
